packages:
  apb:
    revision: 77ddf073f194d44b9119949d2421be59789e69ae
    version: 0.2.4
    source:
      Git: https://github.com/pulp-platform/apb.git
    dependencies:
    - common_cells
  apb_gpio:
    revision: c40620846e0029e09d989e33cb3132fbdcfc6c6f
    version: 0.2.0
    source:
      Git: https://github.com/pulp-platform/apb_gpio.git
    dependencies: []
  apb_timer:
    revision: 0cbc6cbc26c94b8e3bf27cc058c48ef89ea3d4c3
    version: 0.1.0
    source:
      Git: https://github.com/pulp-platform/apb_timer.git
    dependencies: []
  apb_uart:
    revision: 6c7dde3d749ac8274377745c105da8c8b8cd27c6
    version: 0.2.1
    source:
      Git: https://github.com/pulp-platform/apb_uart.git
    dependencies:
    - apb
    - register_interface
  axi:
    revision: bfee21757bf090ec8e358456314b0b0fd3c90809
    version: 0.39.0
    source:
      Git: https://github.com/pulp-platform/axi.git
    dependencies:
    - common_cells
    - common_verification
    - tech_cells_generic
  clic:
    revision: 5fa3836c2660347aaa7e0b20f7ec820a0aefec6f
    version: null
    source:
      Git: https://github.com/ANurmi/clic.git
    dependencies:
    - common_cells
    - register_interface
  common_cells:
    revision: c27bce39ebb2e6bae52f60960814a2afca7bd4cb
    version: 1.37.0
    source:
      Git: https://github.com/pulp-platform/common_cells.git
    dependencies:
    - common_verification
    - tech_cells_generic
  common_verification:
    revision: fb1885f48ea46164a10568aeff51884389f67ae3
    version: 0.2.5
    source:
      Git: https://github.com/pulp-platform/common_verification.git
    dependencies: []
  nanodma:
    revision: c1bcd56ed3f5a95e42a27098a5ee85495e18f020
    version: null
    source:
      Git: https://github.com/ANurmi/NanoDMA.git
    dependencies:
    - common_cells
  opentitan_peripherals:
    revision: cd3153de2783abd3d03d0595e6c4b32413c62f14
    version: 0.4.0
    source:
      Git: https://github.com/pulp-platform/opentitan_peripherals.git
    dependencies:
    - common_cells
    - register_interface
    - tech_cells_generic
  register_interface:
    revision: 146501d80052b61475cdc333d3aab4cd769fd5dc
    version: 0.3.9
    source:
      Git: https://github.com/pulp-platform/register_interface.git
    dependencies:
    - apb
    - axi
    - common_cells
  riscv-dbg:
    revision: 358f90110220adf7a083f8b65d157e836d706236
    version: 0.8.1
    source:
      Git: https://github.com/pulp-platform/riscv-dbg.git
    dependencies:
    - common_cells
    - tech_cells_generic
  rt-ibex:
    revision: 859e28aadcfecaa2ded8cdf7abf0a7225b57a7d8
    version: null
    source:
      Git: https://github.com/soc-hub-fi/rt-ibex.git
    dependencies: []
  tech_cells_generic:
    revision: 7968dd6e6180df2c644636bc6d2908a49f2190cf
    version: 0.2.13
    source:
      Git: https://github.com/pulp-platform/tech_cells_generic.git
    dependencies:
    - common_verification
