# This file is automatically @generated by Cargo.
# It is not intended for manual editing.
version = 4

[[package]]
name = "atalanta_bsp"
version = "0.1.0"
dependencies = [
 "atalanta_bsp_macros",
 "bitmask-enum",
 "embedded-io",
 "fugit",
 "riscv",
 "riscv-pac",
 "riscv-peripheral",
 "riscv-rt",
 "ufmt",
]

[[package]]
name = "atalanta_bsp_macros"
version = "0.1.0"
dependencies = [
 "proc-macro2",
 "quote",
 "syn 1.0.109",
]

[[package]]
name = "bitmask-enum"
version = "2.2.5"
source = "registry+https://github.com/rust-lang/crates.io-index"
checksum = "e6cbbb8f56245b5a479b30a62cdc86d26e2f35c2b9f594bc4671654b03851380"
dependencies = [
 "quote",
 "syn 2.0.87",
]

[[package]]
name = "critical-section"
version = "1.1.2"
source = "registry+https://github.com/rust-lang/crates.io-index"
checksum = "7059fff8937831a9ae6f0fe4d658ffabf58f2ca96aa9dec1c889f936f705f216"

[[package]]
name = "embedded-hal"
version = "1.0.0"
source = "registry+https://github.com/rust-lang/crates.io-index"
checksum = "361a90feb7004eca4019fb28352a9465666b24f840f5c3cddf0ff13920590b89"

[[package]]
name = "embedded-io"
version = "0.6.1"
source = "registry+https://github.com/rust-lang/crates.io-index"
checksum = "edd0f118536f44f5ccd48bcb8b111bdc3de888b58c74639dfb034a357d0f206d"

[[package]]
name = "fugit"
version = "0.3.7"
source = "registry+https://github.com/rust-lang/crates.io-index"
checksum = "17186ad64927d5ac8f02c1e77ccefa08ccd9eaa314d5a4772278aa204a22f7e7"
dependencies = [
 "gcd",
]

[[package]]
name = "gcd"
version = "2.3.0"
source = "registry+https://github.com/rust-lang/crates.io-index"
checksum = "1d758ba1b47b00caf47f24925c0074ecb20d6dfcffe7f6d53395c0465674841a"

[[package]]
name = "proc-macro2"
version = "1.0.84"
source = "registry+https://github.com/rust-lang/crates.io-index"
checksum = "ec96c6a92621310b51366f1e28d05ef11489516e93be030060e5fc12024a49d6"
dependencies = [
 "unicode-ident",
]

[[package]]
name = "quote"
version = "1.0.36"
source = "registry+https://github.com/rust-lang/crates.io-index"
checksum = "0fa76aaf39101c457836aec0ce2316dbdc3ab723cdda1c6bd4e6ad4208acaca7"
dependencies = [
 "proc-macro2",
]

[[package]]
name = "riscv"
version = "0.11.1"
source = "git+https://github.com/hegza/riscv?branch=feat%2Frt-ibex#de734f3e3e36eaa8c657d1f09dd9e9b74e4973f8"
dependencies = [
 "critical-section",
 "embedded-hal",
]

[[package]]
name = "riscv-pac"
version = "0.1.1"
source = "git+https://github.com/hegza/riscv?branch=feat%2Frt-ibex#de734f3e3e36eaa8c657d1f09dd9e9b74e4973f8"

[[package]]
name = "riscv-peripheral"
version = "0.1.0"
source = "git+https://github.com/hegza/riscv?branch=feat%2Frt-ibex#de734f3e3e36eaa8c657d1f09dd9e9b74e4973f8"
dependencies = [
 "embedded-hal",
 "riscv",
 "riscv-pac",
]

[[package]]
name = "riscv-rt"
version = "0.13.0"
source = "git+https://github.com/hegza/riscv?branch=feat%2Frt-ibex#de734f3e3e36eaa8c657d1f09dd9e9b74e4973f8"
dependencies = [
 "riscv",
 "riscv-rt-macros",
]

[[package]]
name = "riscv-rt-macros"
version = "0.2.1"
source = "git+https://github.com/hegza/riscv?branch=feat%2Frt-ibex#de734f3e3e36eaa8c657d1f09dd9e9b74e4973f8"
dependencies = [
 "proc-macro2",
 "quote",
 "syn 1.0.109",
]

[[package]]
name = "syn"
version = "1.0.109"
source = "registry+https://github.com/rust-lang/crates.io-index"
checksum = "72b64191b275b66ffe2469e8af2c1cfe3bafa67b529ead792a6d0160888b4237"
dependencies = [
 "proc-macro2",
 "quote",
 "unicode-ident",
]

[[package]]
name = "syn"
version = "2.0.87"
source = "registry+https://github.com/rust-lang/crates.io-index"
checksum = "25aa4ce346d03a6dcd68dd8b4010bcb74e54e62c90c573f394c46eae99aba32d"
dependencies = [
 "proc-macro2",
 "quote",
 "unicode-ident",
]

[[package]]
name = "ufmt"
version = "0.2.0"
source = "registry+https://github.com/rust-lang/crates.io-index"
checksum = "1a64846ec02b57e9108d6469d98d1648782ad6bb150a95a9baac26900bbeab9d"
dependencies = [
 "ufmt-macros",
 "ufmt-write",
]

[[package]]
name = "ufmt-macros"
version = "0.3.0"
source = "registry+https://github.com/rust-lang/crates.io-index"
checksum = "d337d3be617449165cb4633c8dece429afd83f84051024079f97ad32a9663716"
dependencies = [
 "proc-macro2",
 "quote",
 "syn 1.0.109",
]

[[package]]
name = "ufmt-write"
version = "0.1.0"
source = "registry+https://github.com/rust-lang/crates.io-index"
checksum = "e87a2ed6b42ec5e28cc3b94c09982969e9227600b2e3dcbc1db927a84c06bd69"

[[package]]
name = "unicode-ident"
version = "1.0.12"
source = "registry+https://github.com/rust-lang/crates.io-index"
checksum = "3354b9ac3fae1ff6755cb6db53683adb661634f67557942dea4facebec0fee4b"
